
Microsoft Visual Studio Solution File, Format Version 12.00
# Visual Studio 15
VisualStudioVersion = 15.0.26730.16
MinimumVisualStudioVersion = 10.0.40219.1
Project("{FAE04EC0-301F-11D3-BF4B-00C04F79EFBC}") = "BlackJack", "BlackJack\BlackJack.csproj", "{F76ECF13-5A70-402D-98BF-79796ECBFFA0}"
EndProject
Global
	GlobalSection(SolutionConfigurationPlatforms) = preSolution
		Debug|Any CPU = Debug|Any CPU
		Release|Any CPU = Release|Any CPU
	EndGlobalSection
	GlobalSection(ProjectConfigurationPlatforms) = postSolution
		{F76ECF13-5A70-402D-98BF-79796ECBFFA0}.Debug|Any CPU.ActiveCfg = Debug|Any CPU
		{F76ECF13-5A70-402D-98BF-79796ECBFFA0}.Debug|Any CPU.Build.0 = Debug|Any CPU
		{F76ECF13-5A70-402D-98BF-79796ECBFFA0}.Release|Any CPU.ActiveCfg = Release|Any CPU
		{F76ECF13-5A70-402D-98BF-79796ECBFFA0}.Release|Any CPU.Build.0 = Release|Any CPU
	EndGlobalSection
	GlobalSection(SolutionProperties) = preSolution
		HideSolutionNode = FALSE
	EndGlobalSection
	GlobalSection(ExtensibilityGlobals) = postSolution
		SolutionGuid = {90B4C860-B47A-461B-8165-BE5994A522D1}
	EndGlobalSection
EndGlobal
